# This file was autogenerated by Stack.
# You should not edit this file by hand.
# For more information, please see the documentation at:
#   https://docs.haskellstack.org/en/stable/lock_files

packages:
- completed:
    commit: 67abf3dd962bf866340b75c40a2289084d9d4059
    git: https://github.com/pujoheadsoft/mockcat.git
    name: mockcat
    pantry-tree:
      sha256: 9ddac45bdcdee81dd003898e1aa3105b8bdad0016ebe7866c6e58c1c378d6fa5
      size: 2104
    version: 0.5.4.0
  original:
    commit: 67abf3dd962bf866340b75c40a2289084d9d4059
    git: https://github.com/pujoheadsoft/mockcat.git
- completed:
    hackage: polysemy-conc-0.14.1.1@sha256:59791a0b2b29466b37545a672c6e6e5a7de2488b802f89fd4c8e1ef0d90783ca,5610
    pantry-tree:
      sha256: 25e16f3b5156d15c0d7d47398f895b781d235e39d98538ac993b72fffa706553
      size: 3817
  original:
    hackage: polysemy-conc-0.14.1.1@sha256:59791a0b2b29466b37545a672c6e6e5a7de2488b802f89fd4c8e1ef0d90783ca,5610
- completed:
    hackage: polysemy-resume-0.9.0.1@sha256:ece8b576ff4d2e8e6169b3ba52efbf024cac37a3a78c79a29b51d7300ebc2da4,4082
    pantry-tree:
      sha256: cdb53c68692048381b2096ba46c119e5c9727dc363615f984d8dc933328d36eb
      size: 1168
  original:
    hackage: polysemy-resume-0.9.0.1@sha256:ece8b576ff4d2e8e6169b3ba52efbf024cac37a3a78c79a29b51d7300ebc2da4,4082
- completed:
    hackage: polysemy-time-0.7.0.1@sha256:d702e9ca40ef76c3ef04845f4290d3d2db9745a82b670d8acef7521d107b1d0f,4123
    pantry-tree:
      sha256: ba19838573a7a2457b8434124cfe136bca001ec08809342edf81a3c05c9db241
      size: 1439
  original:
    hackage: polysemy-time-0.7.0.1@sha256:d702e9ca40ef76c3ef04845f4290d3d2db9745a82b670d8acef7521d107b1d0f,4123
snapshots:
- completed:
    sha256: 4ef79c30b9efcf07335cb3de532983a7ac4c5a4180bc17f6212a86b09ce2ff75
    size: 680777
    url: https://raw.githubusercontent.com/commercialhaskell/stackage-snapshots/master/lts/23/7.yaml
  original: lts-23.7
